
Microsoft Visual Studio Solution File, Format Version 12.00
# Visual Studio 15
Project("{FAE04EC0-301F-11D3-BF4B-00C04F79EFBC}") = "Assembly-CSharp", "Assembly-CSharp.csproj", "{665E1920-2AD7-B200-D90C-03C9B72C9B00}"
EndProject
Project("{FAE04EC0-301F-11D3-BF4B-00C04F79EFBC}") = "Assembly-CSharp-Editor", "Assembly-CSharp-Editor.csproj", "{7EE83F5C-66F3-0EB6-78AD-6830A8E49841}"
EndProject
Global
	GlobalSection(SolutionConfigurationPlatforms) = preSolution
		Debug|Any CPU = Debug|Any CPU
		Release|Any CPU = Release|Any CPU
	EndGlobalSection
	GlobalSection(ProjectConfigurationPlatforms) = postSolution
		{665E1920-2AD7-B200-D90C-03C9B72C9B00}.Debug|Any CPU.ActiveCfg = Debug|Any CPU
		{665E1920-2AD7-B200-D90C-03C9B72C9B00}.Debug|Any CPU.Build.0 = Debug|Any CPU
		{665E1920-2AD7-B200-D90C-03C9B72C9B00}.Release|Any CPU.ActiveCfg = Release|Any CPU
		{665E1920-2AD7-B200-D90C-03C9B72C9B00}.Release|Any CPU.Build.0 = Release|Any CPU
		{7EE83F5C-66F3-0EB6-78AD-6830A8E49841}.Debug|Any CPU.ActiveCfg = Debug|Any CPU
		{7EE83F5C-66F3-0EB6-78AD-6830A8E49841}.Debug|Any CPU.Build.0 = Debug|Any CPU
		{7EE83F5C-66F3-0EB6-78AD-6830A8E49841}.Release|Any CPU.ActiveCfg = Release|Any CPU
		{7EE83F5C-66F3-0EB6-78AD-6830A8E49841}.Release|Any CPU.Build.0 = Release|Any CPU
	EndGlobalSection
	GlobalSection(SolutionProperties) = preSolution
		HideSolutionNode = FALSE
	EndGlobalSection
EndGlobal
